// !$*UTF8*$!
{
	archiveVersion = 1;
	classes = {
	};
	objectVersion = 55;
	objects = {

/* Begin PBXBuildFile section */
		B503E79C28D648C7002F598E /* AppDelegate.swift in Sources */ = {isa = PBXBuildFile; fileRef = B503E79B28D648C7002F598E /* AppDelegate.swift */; };
		B503E79E28D648C7002F598E /* SceneDelegate.swift in Sources */ = {isa = PBXBuildFile; fileRef = B503E79D28D648C7002F598E /* SceneDelegate.swift */; };
		B503E7A028D648C7002F598E /* MainTabBarViewController.swift in Sources */ = {isa = PBXBuildFile; fileRef = B503E79F28D648C7002F598E /* MainTabBarViewController.swift */; };
		B503E7A528D648C7002F598E /* Assets.xcassets in Resources */ = {isa = PBXBuildFile; fileRef = B503E7A428D648C7002F598E /* Assets.xcassets */; };
		B503E7A828D648C7002F598E /* LaunchScreen.storyboard in Resources */ = {isa = PBXBuildFile; fileRef = B503E7A628D648C7002F598E /* LaunchScreen.storyboard */; };
		B503E7B128D65CEF002F598E /* HomeViewController.swift in Sources */ = {isa = PBXBuildFile; fileRef = B503E7B028D65CEF002F598E /* HomeViewController.swift */; };
		B503E7B328D65D24002F598E /* UpcomingViewController.swift in Sources */ = {isa = PBXBuildFile; fileRef = B503E7B228D65D24002F598E /* UpcomingViewController.swift */; };
		B503E7B528D65D3A002F598E /* SearchViewController.swift in Sources */ = {isa = PBXBuildFile; fileRef = B503E7B428D65D3A002F598E /* SearchViewController.swift */; };
		B503E7B728D65D4C002F598E /* DownloadViewController.swift in Sources */ = {isa = PBXBuildFile; fileRef = B503E7B628D65D4C002F598E /* DownloadViewController.swift */; };
		B503E7BE28D6671B002F598E /* CollectionViewTableViewCell.swift in Sources */ = {isa = PBXBuildFile; fileRef = B503E7BD28D6671B002F598E /* CollectionViewTableViewCell.swift */; };
		B503E7C028D732EE002F598E /* HeroHeaderView.swift in Sources */ = {isa = PBXBuildFile; fileRef = B503E7BF28D732EE002F598E /* HeroHeaderView.swift */; };
		B503E7C228D76040002F598E /* APICaller.swift in Sources */ = {isa = PBXBuildFile; fileRef = B503E7C128D76040002F598E /* APICaller.swift */; };
		B503E7C428D76675002F598E /* Movie.swift in Sources */ = {isa = PBXBuildFile; fileRef = B503E7C328D76675002F598E /* Movie.swift */; };
		B503E7C628D7936B002F598E /* String+ext.swift in Sources */ = {isa = PBXBuildFile; fileRef = B503E7C528D7936B002F598E /* String+ext.swift */; };
		B503E7CA28D7AAA7002F598E /* ApiKey.swift in Sources */ = {isa = PBXBuildFile; fileRef = B503E7C928D7AAA7002F598E /* ApiKey.swift */; };
		B503E7CC28D7B059002F598E /* MovieCollectionViewCell.swift in Sources */ = {isa = PBXBuildFile; fileRef = B503E7CB28D7B059002F598E /* MovieCollectionViewCell.swift */; };
		B503E7CF28D7B3C8002F598E /* SDWebImage in Frameworks */ = {isa = PBXBuildFile; productRef = B503E7CE28D7B3C8002F598E /* SDWebImage */; };
		B503E7D128D7B3C8002F598E /* SDWebImageMapKit in Frameworks */ = {isa = PBXBuildFile; productRef = B503E7D028D7B3C8002F598E /* SDWebImageMapKit */; };
		B503E7D328D894F4002F598E /* MovieTableViewCell.swift in Sources */ = {isa = PBXBuildFile; fileRef = B503E7D228D894F4002F598E /* MovieTableViewCell.swift */; };
		B503E7D528D89891002F598E /* TitleViewModel.swift in Sources */ = {isa = PBXBuildFile; fileRef = B503E7D428D89891002F598E /* TitleViewModel.swift */; };
		B503E7D728D8B091002F598E /* SearchResultViewController.swift in Sources */ = {isa = PBXBuildFile; fileRef = B503E7D628D8B091002F598E /* SearchResultViewController.swift */; };
		B503E7DB28D8C20E002F598E /* YoutubeSearchResponse.swift in Sources */ = {isa = PBXBuildFile; fileRef = B503E7DA28D8C20E002F598E /* YoutubeSearchResponse.swift */; };
		B503E7DD28D8CFCF002F598E /* TitlePreviewViewController.swift in Sources */ = {isa = PBXBuildFile; fileRef = B503E7DC28D8CFCF002F598E /* TitlePreviewViewController.swift */; };
		B503E7DF28D8D39C002F598E /* TitlePreviewViewModel.swift in Sources */ = {isa = PBXBuildFile; fileRef = B503E7DE28D8D39C002F598E /* TitlePreviewViewModel.swift */; };
		B503E7E228D9F2D1002F598E /* NetflixCloneModel.xcdatamodeld in Sources */ = {isa = PBXBuildFile; fileRef = B503E7E028D9F2D1002F598E /* NetflixCloneModel.xcdatamodeld */; };
		B503E7E428D9F5E7002F598E /* DataPersistenceManager.swift in Sources */ = {isa = PBXBuildFile; fileRef = B503E7E328D9F5E7002F598E /* DataPersistenceManager.swift */; };
/* End PBXBuildFile section */

/* Begin PBXFileReference section */
		B503E79828D648C7002F598E /* Netflix Clone.app */ = {isa = PBXFileReference; explicitFileType = wrapper.application; includeInIndex = 0; path = "Netflix Clone.app"; sourceTree = BUILT_PRODUCTS_DIR; };
		B503E79B28D648C7002F598E /* AppDelegate.swift */ = {isa = PBXFileReference; lastKnownFileType = sourcecode.swift; path = AppDelegate.swift; sourceTree = "<group>"; };
		B503E79D28D648C7002F598E /* SceneDelegate.swift */ = {isa = PBXFileReference; lastKnownFileType = sourcecode.swift; path = SceneDelegate.swift; sourceTree = "<group>"; };
		B503E79F28D648C7002F598E /* MainTabBarViewController.swift */ = {isa = PBXFileReference; lastKnownFileType = sourcecode.swift; path = MainTabBarViewController.swift; sourceTree = "<group>"; };
		B503E7A428D648C7002F598E /* Assets.xcassets */ = {isa = PBXFileReference; lastKnownFileType = folder.assetcatalog; path = Assets.xcassets; sourceTree = "<group>"; };
		B503E7A728D648C7002F598E /* Base */ = {isa = PBXFileReference; lastKnownFileType = file.storyboard; name = Base; path = Base.lproj/LaunchScreen.storyboard; sourceTree = "<group>"; };
		B503E7A928D648C7002F598E /* Info.plist */ = {isa = PBXFileReference; lastKnownFileType = text.plist.xml; path = Info.plist; sourceTree = "<group>"; };
		B503E7B028D65CEF002F598E /* HomeViewController.swift */ = {isa = PBXFileReference; lastKnownFileType = sourcecode.swift; path = HomeViewController.swift; sourceTree = "<group>"; };
		B503E7B228D65D24002F598E /* UpcomingViewController.swift */ = {isa = PBXFileReference; lastKnownFileType = sourcecode.swift; path = UpcomingViewController.swift; sourceTree = "<group>"; };
		B503E7B428D65D3A002F598E /* SearchViewController.swift */ = {isa = PBXFileReference; lastKnownFileType = sourcecode.swift; path = SearchViewController.swift; sourceTree = "<group>"; };
		B503E7B628D65D4C002F598E /* DownloadViewController.swift */ = {isa = PBXFileReference; lastKnownFileType = sourcecode.swift; path = DownloadViewController.swift; sourceTree = "<group>"; };
		B503E7BD28D6671B002F598E /* CollectionViewTableViewCell.swift */ = {isa = PBXFileReference; lastKnownFileType = sourcecode.swift; path = CollectionViewTableViewCell.swift; sourceTree = "<group>"; };
		B503E7BF28D732EE002F598E /* HeroHeaderView.swift */ = {isa = PBXFileReference; lastKnownFileType = sourcecode.swift; path = HeroHeaderView.swift; sourceTree = "<group>"; };
		B503E7C128D76040002F598E /* APICaller.swift */ = {isa = PBXFileReference; lastKnownFileType = sourcecode.swift; path = APICaller.swift; sourceTree = "<group>"; };
		B503E7C328D76675002F598E /* Movie.swift */ = {isa = PBXFileReference; lastKnownFileType = sourcecode.swift; path = Movie.swift; sourceTree = "<group>"; };
		B503E7C528D7936B002F598E /* String+ext.swift */ = {isa = PBXFileReference; lastKnownFileType = sourcecode.swift; path = "String+ext.swift"; sourceTree = "<group>"; };
		B503E7C928D7AAA7002F598E /* ApiKey.swift */ = {isa = PBXFileReference; lastKnownFileType = sourcecode.swift; path = ApiKey.swift; sourceTree = "<group>"; };
		B503E7CB28D7B059002F598E /* MovieCollectionViewCell.swift */ = {isa = PBXFileReference; lastKnownFileType = sourcecode.swift; path = MovieCollectionViewCell.swift; sourceTree = "<group>"; };
		B503E7D228D894F4002F598E /* MovieTableViewCell.swift */ = {isa = PBXFileReference; lastKnownFileType = sourcecode.swift; path = MovieTableViewCell.swift; sourceTree = "<group>"; };
		B503E7D428D89891002F598E /* TitleViewModel.swift */ = {isa = PBXFileReference; lastKnownFileType = sourcecode.swift; path = TitleViewModel.swift; sourceTree = "<group>"; };
		B503E7D628D8B091002F598E /* SearchResultViewController.swift */ = {isa = PBXFileReference; lastKnownFileType = sourcecode.swift; path = SearchResultViewController.swift; sourceTree = "<group>"; };
		B503E7DA28D8C20E002F598E /* YoutubeSearchResponse.swift */ = {isa = PBXFileReference; lastKnownFileType = sourcecode.swift; path = YoutubeSearchResponse.swift; sourceTree = "<group>"; };
		B503E7DC28D8CFCF002F598E /* TitlePreviewViewController.swift */ = {isa = PBXFileReference; lastKnownFileType = sourcecode.swift; path = TitlePreviewViewController.swift; sourceTree = "<group>"; };
		B503E7DE28D8D39C002F598E /* TitlePreviewViewModel.swift */ = {isa = PBXFileReference; lastKnownFileType = sourcecode.swift; path = TitlePreviewViewModel.swift; sourceTree = "<group>"; };
		B503E7E128D9F2D1002F598E /* NetflixCloneModel.xcdatamodel */ = {isa = PBXFileReference; lastKnownFileType = wrapper.xcdatamodel; path = NetflixCloneModel.xcdatamodel; sourceTree = "<group>"; };
		B503E7E328D9F5E7002F598E /* DataPersistenceManager.swift */ = {isa = PBXFileReference; lastKnownFileType = sourcecode.swift; path = DataPersistenceManager.swift; sourceTree = "<group>"; };
/* End PBXFileReference section */

/* Begin PBXFrameworksBuildPhase section */
		B503E79528D648C7002F598E /* Frameworks */ = {
			isa = PBXFrameworksBuildPhase;
			buildActionMask = 2147483647;
			files = (
				B503E7D128D7B3C8002F598E /* SDWebImageMapKit in Frameworks */,
				B503E7CF28D7B3C8002F598E /* SDWebImage in Frameworks */,
			);
			runOnlyForDeploymentPostprocessing = 0;
		};
/* End PBXFrameworksBuildPhase section */

/* Begin PBXGroup section */
		B503E78F28D648C7002F598E = {
			isa = PBXGroup;
			children = (
				B503E79A28D648C7002F598E /* Netflix Clone */,
				B503E79928D648C7002F598E /* Products */,
			);
			sourceTree = "<group>";
		};
		B503E79928D648C7002F598E /* Products */ = {
			isa = PBXGroup;
			children = (
				B503E79828D648C7002F598E /* Netflix Clone.app */,
			);
			name = Products;
			sourceTree = "<group>";
		};
		B503E79A28D648C7002F598E /* Netflix Clone */ = {
			isa = PBXGroup;
			children = (
				B503E7BC28D6669A002F598E /* Resources */,
				B503E7BB28D6668B002F598E /* Managers */,
				B503E7BA28D6664F002F598E /* Models */,
				B503E7B828D66635002F598E /* Views */,
				B503E7B928D66646002F598E /* ViewModels */,
				B503E7AF28D65CD6002F598E /* Controllers */,
				B503E79B28D648C7002F598E /* AppDelegate.swift */,
				B503E79D28D648C7002F598E /* SceneDelegate.swift */,
				B503E7A428D648C7002F598E /* Assets.xcassets */,
				B503E7A628D648C7002F598E /* LaunchScreen.storyboard */,
				B503E7A928D648C7002F598E /* Info.plist */,
				B503E7E028D9F2D1002F598E /* NetflixCloneModel.xcdatamodeld */,
			);
			path = "Netflix Clone";
			sourceTree = "<group>";
		};
		B503E7AF28D65CD6002F598E /* Controllers */ = {
			isa = PBXGroup;
			children = (
				B503E7D928D8B0DB002F598E /* General */,
				B503E7D828D8B0C9002F598E /* Core */,
			);
			path = Controllers;
			sourceTree = "<group>";
		};
		B503E7B828D66635002F598E /* Views */ = {
			isa = PBXGroup;
			children = (
				B503E7BD28D6671B002F598E /* CollectionViewTableViewCell.swift */,
				B503E7BF28D732EE002F598E /* HeroHeaderView.swift */,
				B503E7CB28D7B059002F598E /* MovieCollectionViewCell.swift */,
				B503E7D228D894F4002F598E /* MovieTableViewCell.swift */,
			);
			path = Views;
			sourceTree = "<group>";
		};
		B503E7B928D66646002F598E /* ViewModels */ = {
			isa = PBXGroup;
			children = (
				B503E7D428D89891002F598E /* TitleViewModel.swift */,
				B503E7DE28D8D39C002F598E /* TitlePreviewViewModel.swift */,
			);
			path = ViewModels;
			sourceTree = "<group>";
		};
		B503E7BA28D6664F002F598E /* Models */ = {
			isa = PBXGroup;
			children = (
				B503E7C328D76675002F598E /* Movie.swift */,
				B503E7DA28D8C20E002F598E /* YoutubeSearchResponse.swift */,
			);
			path = Models;
			sourceTree = "<group>";
		};
		B503E7BB28D6668B002F598E /* Managers */ = {
			isa = PBXGroup;
			children = (
				B503E7C128D76040002F598E /* APICaller.swift */,
				B503E7C928D7AAA7002F598E /* ApiKey.swift */,
				B503E7E328D9F5E7002F598E /* DataPersistenceManager.swift */,
			);
			path = Managers;
			sourceTree = "<group>";
		};
		B503E7BC28D6669A002F598E /* Resources */ = {
			isa = PBXGroup;
			children = (
				B503E7C528D7936B002F598E /* String+ext.swift */,
			);
			path = Resources;
			sourceTree = "<group>";
		};
		B503E7D828D8B0C9002F598E /* Core */ = {
			isa = PBXGroup;
			children = (
				B503E79F28D648C7002F598E /* MainTabBarViewController.swift */,
				B503E7B028D65CEF002F598E /* HomeViewController.swift */,
				B503E7B228D65D24002F598E /* UpcomingViewController.swift */,
				B503E7B428D65D3A002F598E /* SearchViewController.swift */,
				B503E7B628D65D4C002F598E /* DownloadViewController.swift */,
			);
			path = Core;
			sourceTree = "<group>";
		};
		B503E7D928D8B0DB002F598E /* General */ = {
			isa = PBXGroup;
			children = (
				B503E7D628D8B091002F598E /* SearchResultViewController.swift */,
				B503E7DC28D8CFCF002F598E /* TitlePreviewViewController.swift */,
			);
			path = General;
			sourceTree = "<group>";
		};
/* End PBXGroup section */

/* Begin PBXNativeTarget section */
		B503E79728D648C7002F598E /* Netflix Clone */ = {
			isa = PBXNativeTarget;
			buildConfigurationList = B503E7AC28D648C7002F598E /* Build configuration list for PBXNativeTarget "Netflix Clone" */;
			buildPhases = (
				B503E79428D648C7002F598E /* Sources */,
				B503E79528D648C7002F598E /* Frameworks */,
				B503E79628D648C7002F598E /* Resources */,
			);
			buildRules = (
			);
			dependencies = (
			);
			name = "Netflix Clone";
			packageProductDependencies = (
				B503E7CE28D7B3C8002F598E /* SDWebImage */,
				B503E7D028D7B3C8002F598E /* SDWebImageMapKit */,
			);
			productName = "Netflix Clone";
			productReference = B503E79828D648C7002F598E /* Netflix Clone.app */;
			productType = "com.apple.product-type.application";
		};
/* End PBXNativeTarget section */

/* Begin PBXProject section */
		B503E79028D648C7002F598E /* Project object */ = {
			isa = PBXProject;
			attributes = {
				BuildIndependentTargetsInParallel = 1;
				LastSwiftUpdateCheck = 1340;
				LastUpgradeCheck = 1340;
				TargetAttributes = {
					B503E79728D648C7002F598E = {
						CreatedOnToolsVersion = 13.4.1;
					};
				};
			};
			buildConfigurationList = B503E79328D648C7002F598E /* Build configuration list for PBXProject "Netflix Clone" */;
			compatibilityVersion = "Xcode 13.0";
			developmentRegion = en;
			hasScannedForEncodings = 0;
			knownRegions = (
				en,
				Base,
			);
			mainGroup = B503E78F28D648C7002F598E;
			packageReferences = (
				B503E7CD28D7B3C8002F598E /* XCRemoteSwiftPackageReference "SDWebImage" */,
			);
			productRefGroup = B503E79928D648C7002F598E /* Products */;
			projectDirPath = "";
			projectRoot = "";
			targets = (
				B503E79728D648C7002F598E /* Netflix Clone */,
			);
		};
/* End PBXProject section */

/* Begin PBXResourcesBuildPhase section */
		B503E79628D648C7002F598E /* Resources */ = {
			isa = PBXResourcesBuildPhase;
			buildActionMask = 2147483647;
			files = (
				B503E7A828D648C7002F598E /* LaunchScreen.storyboard in Resources */,
				B503E7A528D648C7002F598E /* Assets.xcassets in Resources */,
			);
			runOnlyForDeploymentPostprocessing = 0;
		};
/* End PBXResourcesBuildPhase section */

/* Begin PBXSourcesBuildPhase section */
		B503E79428D648C7002F598E /* Sources */ = {
			isa = PBXSourcesBuildPhase;
			buildActionMask = 2147483647;
			files = (
				B503E7B528D65D3A002F598E /* SearchViewController.swift in Sources */,
				B503E7A028D648C7002F598E /* MainTabBarViewController.swift in Sources */,
				B503E7BE28D6671B002F598E /* CollectionViewTableViewCell.swift in Sources */,
				B503E7C228D76040002F598E /* APICaller.swift in Sources */,
				B503E7CA28D7AAA7002F598E /* ApiKey.swift in Sources */,
				B503E7D328D894F4002F598E /* MovieTableViewCell.swift in Sources */,
				B503E79C28D648C7002F598E /* AppDelegate.swift in Sources */,
				B503E7C028D732EE002F598E /* HeroHeaderView.swift in Sources */,
				B503E7B728D65D4C002F598E /* DownloadViewController.swift in Sources */,
				B503E7DD28D8CFCF002F598E /* TitlePreviewViewController.swift in Sources */,
				B503E79E28D648C7002F598E /* SceneDelegate.swift in Sources */,
				B503E7B328D65D24002F598E /* UpcomingViewController.swift in Sources */,
				B503E7C428D76675002F598E /* Movie.swift in Sources */,
				B503E7DB28D8C20E002F598E /* YoutubeSearchResponse.swift in Sources */,
				B503E7CC28D7B059002F598E /* MovieCollectionViewCell.swift in Sources */,
				B503E7E228D9F2D1002F598E /* NetflixCloneModel.xcdatamodeld in Sources */,
				B503E7D728D8B091002F598E /* SearchResultViewController.swift in Sources */,
				B503E7D528D89891002F598E /* TitleViewModel.swift in Sources */,
				B503E7C628D7936B002F598E /* String+ext.swift in Sources */,
				B503E7DF28D8D39C002F598E /* TitlePreviewViewModel.swift in Sources */,
				B503E7B128D65CEF002F598E /* HomeViewController.swift in Sources */,
				B503E7E428D9F5E7002F598E /* DataPersistenceManager.swift in Sources */,
			);
			runOnlyForDeploymentPostprocessing = 0;
		};
/* End PBXSourcesBuildPhase section */

/* Begin PBXVariantGroup section */
		B503E7A628D648C7002F598E /* LaunchScreen.storyboard */ = {
			isa = PBXVariantGroup;
			children = (
				B503E7A728D648C7002F598E /* Base */,
			);
			name = LaunchScreen.storyboard;
			sourceTree = "<group>";
		};
/* End PBXVariantGroup section */

/* Begin XCBuildConfiguration section */
		B503E7AA28D648C7002F598E /* Debug */ = {
			isa = XCBuildConfiguration;
			buildSettings = {
				ALWAYS_SEARCH_USER_PATHS = NO;
				CLANG_ANALYZER_NONNULL = YES;
				CLANG_ANALYZER_NUMBER_OBJECT_CONVERSION = YES_AGGRESSIVE;
				CLANG_CXX_LANGUAGE_STANDARD = "gnu++17";
				CLANG_ENABLE_MODULES = YES;
				CLANG_ENABLE_OBJC_ARC = YES;
				CLANG_ENABLE_OBJC_WEAK = YES;
				CLANG_WARN_BLOCK_CAPTURE_AUTORELEASING = YES;
				CLANG_WARN_BOOL_CONVERSION = YES;
				CLANG_WARN_COMMA = YES;
				CLANG_WARN_CONSTANT_CONVERSION = YES;
				CLANG_WARN_DEPRECATED_OBJC_IMPLEMENTATIONS = YES;
				CLANG_WARN_DIRECT_OBJC_ISA_USAGE = YES_ERROR;
				CLANG_WARN_DOCUMENTATION_COMMENTS = YES;
				CLANG_WARN_EMPTY_BODY = YES;
				CLANG_WARN_ENUM_CONVERSION = YES;
				CLANG_WARN_INFINITE_RECURSION = YES;
				CLANG_WARN_INT_CONVERSION = YES;
				CLANG_WARN_NON_LITERAL_NULL_CONVERSION = YES;
				CLANG_WARN_OBJC_IMPLICIT_RETAIN_SELF = YES;
				CLANG_WARN_OBJC_LITERAL_CONVERSION = YES;
				CLANG_WARN_OBJC_ROOT_CLASS = YES_ERROR;
				CLANG_WARN_QUOTED_INCLUDE_IN_FRAMEWORK_HEADER = YES;
				CLANG_WARN_RANGE_LOOP_ANALYSIS = YES;
				CLANG_WARN_STRICT_PROTOTYPES = YES;
				CLANG_WARN_SUSPICIOUS_MOVE = YES;
				CLANG_WARN_UNGUARDED_AVAILABILITY = YES_AGGRESSIVE;
				CLANG_WARN_UNREACHABLE_CODE = YES;
				CLANG_WARN__DUPLICATE_METHOD_MATCH = YES;
				COPY_PHASE_STRIP = NO;
				DEBUG_INFORMATION_FORMAT = dwarf;
				ENABLE_STRICT_OBJC_MSGSEND = YES;
				ENABLE_TESTABILITY = YES;
				GCC_C_LANGUAGE_STANDARD = gnu11;
				GCC_DYNAMIC_NO_PIC = NO;
				GCC_NO_COMMON_BLOCKS = YES;
				GCC_OPTIMIZATION_LEVEL = 0;
				GCC_PREPROCESSOR_DEFINITIONS = (
					"DEBUG=1",
					"$(inherited)",
				);
				GCC_WARN_64_TO_32_BIT_CONVERSION = YES;
				GCC_WARN_ABOUT_RETURN_TYPE = YES_ERROR;
				GCC_WARN_UNDECLARED_SELECTOR = YES;
				GCC_WARN_UNINITIALIZED_AUTOS = YES_AGGRESSIVE;
				GCC_WARN_UNUSED_FUNCTION = YES;
				GCC_WARN_UNUSED_VARIABLE = YES;
				IPHONEOS_DEPLOYMENT_TARGET = 15.5;
				MTL_ENABLE_DEBUG_INFO = INCLUDE_SOURCE;
				MTL_FAST_MATH = YES;
				ONLY_ACTIVE_ARCH = YES;
				SDKROOT = iphoneos;
				SWIFT_ACTIVE_COMPILATION_CONDITIONS = DEBUG;
				SWIFT_OPTIMIZATION_LEVEL = "-Onone";
			};
			name = Debug;
		};
		B503E7AB28D648C7002F598E /* Release */ = {
			isa = XCBuildConfiguration;
			buildSettings = {
				ALWAYS_SEARCH_USER_PATHS = NO;
				CLANG_ANALYZER_NONNULL = YES;
				CLANG_ANALYZER_NUMBER_OBJECT_CONVERSION = YES_AGGRESSIVE;
				CLANG_CXX_LANGUAGE_STANDARD = "gnu++17";
				CLANG_ENABLE_MODULES = YES;
				CLANG_ENABLE_OBJC_ARC = YES;
				CLANG_ENABLE_OBJC_WEAK = YES;
				CLANG_WARN_BLOCK_CAPTURE_AUTORELEASING = YES;
				CLANG_WARN_BOOL_CONVERSION = YES;
				CLANG_WARN_COMMA = YES;
				CLANG_WARN_CONSTANT_CONVERSION = YES;
				CLANG_WARN_DEPRECATED_OBJC_IMPLEMENTATIONS = YES;
				CLANG_WARN_DIRECT_OBJC_ISA_USAGE = YES_ERROR;
				CLANG_WARN_DOCUMENTATION_COMMENTS = YES;
				CLANG_WARN_EMPTY_BODY = YES;
				CLANG_WARN_ENUM_CONVERSION = YES;
				CLANG_WARN_INFINITE_RECURSION = YES;
				CLANG_WARN_INT_CONVERSION = YES;
				CLANG_WARN_NON_LITERAL_NULL_CONVERSION = YES;
				CLANG_WARN_OBJC_IMPLICIT_RETAIN_SELF = YES;
				CLANG_WARN_OBJC_LITERAL_CONVERSION = YES;
				CLANG_WARN_OBJC_ROOT_CLASS = YES_ERROR;
				CLANG_WARN_QUOTED_INCLUDE_IN_FRAMEWORK_HEADER = YES;
				CLANG_WARN_RANGE_LOOP_ANALYSIS = YES;
				CLANG_WARN_STRICT_PROTOTYPES = YES;
				CLANG_WARN_SUSPICIOUS_MOVE = YES;
				CLANG_WARN_UNGUARDED_AVAILABILITY = YES_AGGRESSIVE;
				CLANG_WARN_UNREACHABLE_CODE = YES;
				CLANG_WARN__DUPLICATE_METHOD_MATCH = YES;
				COPY_PHASE_STRIP = NO;
				DEBUG_INFORMATION_FORMAT = "dwarf-with-dsym";
				ENABLE_NS_ASSERTIONS = NO;
				ENABLE_STRICT_OBJC_MSGSEND = YES;
				GCC_C_LANGUAGE_STANDARD = gnu11;
				GCC_NO_COMMON_BLOCKS = YES;
				GCC_WARN_64_TO_32_BIT_CONVERSION = YES;
				GCC_WARN_ABOUT_RETURN_TYPE = YES_ERROR;
				GCC_WARN_UNDECLARED_SELECTOR = YES;
				GCC_WARN_UNINITIALIZED_AUTOS = YES_AGGRESSIVE;
				GCC_WARN_UNUSED_FUNCTION = YES;
				GCC_WARN_UNUSED_VARIABLE = YES;
				IPHONEOS_DEPLOYMENT_TARGET = 15.5;
				MTL_ENABLE_DEBUG_INFO = NO;
				MTL_FAST_MATH = YES;
				SDKROOT = iphoneos;
				SWIFT_COMPILATION_MODE = wholemodule;
				SWIFT_OPTIMIZATION_LEVEL = "-O";
				VALIDATE_PRODUCT = YES;
			};
			name = Release;
		};
		B503E7AD28D648C7002F598E /* Debug */ = {
			isa = XCBuildConfiguration;
			buildSettings = {
				ASSETCATALOG_COMPILER_APPICON_NAME = AppIcon;
				ASSETCATALOG_COMPILER_GLOBAL_ACCENT_COLOR_NAME = AccentColor;
				CODE_SIGN_STYLE = Automatic;
				CURRENT_PROJECT_VERSION = 1;
				DEVELOPMENT_TEAM = 7F2F462T64;
				GENERATE_INFOPLIST_FILE = YES;
				INFOPLIST_FILE = "Netflix Clone/Info.plist";
				INFOPLIST_KEY_UIApplicationSupportsIndirectInputEvents = YES;
				INFOPLIST_KEY_UILaunchStoryboardName = LaunchScreen;
				INFOPLIST_KEY_UISupportedInterfaceOrientations_iPad = "UIInterfaceOrientationPortrait UIInterfaceOrientationPortraitUpsideDown UIInterfaceOrientationLandscapeLeft UIInterfaceOrientationLandscapeRight";
				INFOPLIST_KEY_UISupportedInterfaceOrientations_iPhone = "UIInterfaceOrientationPortrait UIInterfaceOrientationLandscapeLeft UIInterfaceOrientationLandscapeRight";
				LD_RUNPATH_SEARCH_PATHS = (
					"$(inherited)",
					"@executable_path/Frameworks",
				);
				MARKETING_VERSION = 1.0;
				PRODUCT_BUNDLE_IDENTIFIER = "alexey.poprotskii.Netflix-Clone";
				PRODUCT_NAME = "$(TARGET_NAME)";
				SWIFT_EMIT_LOC_STRINGS = YES;
				SWIFT_VERSION = 5.0;
				TARGETED_DEVICE_FAMILY = "1,2";
			};
			name = Debug;
		};
		B503E7AE28D648C7002F598E /* Release */ = {
			isa = XCBuildConfiguration;
			buildSettings = {
				ASSETCATALOG_COMPILER_APPICON_NAME = AppIcon;
				ASSETCATALOG_COMPILER_GLOBAL_ACCENT_COLOR_NAME = AccentColor;
				CODE_SIGN_STYLE = Automatic;
				CURRENT_PROJECT_VERSION = 1;
				DEVELOPMENT_TEAM = 7F2F462T64;
				GENERATE_INFOPLIST_FILE = YES;
				INFOPLIST_FILE = "Netflix Clone/Info.plist";
				INFOPLIST_KEY_UIApplicationSupportsIndirectInputEvents = YES;
				INFOPLIST_KEY_UILaunchStoryboardName = LaunchScreen;
				INFOPLIST_KEY_UISupportedInterfaceOrientations_iPad = "UIInterfaceOrientationPortrait UIInterfaceOrientationPortraitUpsideDown UIInterfaceOrientationLandscapeLeft UIInterfaceOrientationLandscapeRight";
				INFOPLIST_KEY_UISupportedInterfaceOrientations_iPhone = "UIInterfaceOrientationPortrait UIInterfaceOrientationLandscapeLeft UIInterfaceOrientationLandscapeRight";
				LD_RUNPATH_SEARCH_PATHS = (
					"$(inherited)",
					"@executable_path/Frameworks",
				);
				MARKETING_VERSION = 1.0;
				PRODUCT_BUNDLE_IDENTIFIER = "alexey.poprotskii.Netflix-Clone";
				PRODUCT_NAME = "$(TARGET_NAME)";
				SWIFT_EMIT_LOC_STRINGS = YES;
				SWIFT_VERSION = 5.0;
				TARGETED_DEVICE_FAMILY = "1,2";
			};
			name = Release;
		};
/* End XCBuildConfiguration section */

/* Begin XCConfigurationList section */
		B503E79328D648C7002F598E /* Build configuration list for PBXProject "Netflix Clone" */ = {
			isa = XCConfigurationList;
			buildConfigurations = (
				B503E7AA28D648C7002F598E /* Debug */,
				B503E7AB28D648C7002F598E /* Release */,
			);
			defaultConfigurationIsVisible = 0;
			defaultConfigurationName = Release;
		};
		B503E7AC28D648C7002F598E /* Build configuration list for PBXNativeTarget "Netflix Clone" */ = {
			isa = XCConfigurationList;
			buildConfigurations = (
				B503E7AD28D648C7002F598E /* Debug */,
				B503E7AE28D648C7002F598E /* Release */,
			);
			defaultConfigurationIsVisible = 0;
			defaultConfigurationName = Release;
		};
/* End XCConfigurationList section */

/* Begin XCRemoteSwiftPackageReference section */
		B503E7CD28D7B3C8002F598E /* XCRemoteSwiftPackageReference "SDWebImage" */ = {
			isa = XCRemoteSwiftPackageReference;
			repositoryURL = "https://github.com/SDWebImage/SDWebImage.git";
			requirement = {
				kind = upToNextMajorVersion;
				minimumVersion = 5.0.0;
			};
		};
/* End XCRemoteSwiftPackageReference section */

/* Begin XCSwiftPackageProductDependency section */
		B503E7CE28D7B3C8002F598E /* SDWebImage */ = {
			isa = XCSwiftPackageProductDependency;
			package = B503E7CD28D7B3C8002F598E /* XCRemoteSwiftPackageReference "SDWebImage" */;
			productName = SDWebImage;
		};
		B503E7D028D7B3C8002F598E /* SDWebImageMapKit */ = {
			isa = XCSwiftPackageProductDependency;
			package = B503E7CD28D7B3C8002F598E /* XCRemoteSwiftPackageReference "SDWebImage" */;
			productName = SDWebImageMapKit;
		};
/* End XCSwiftPackageProductDependency section */

/* Begin XCVersionGroup section */
		B503E7E028D9F2D1002F598E /* NetflixCloneModel.xcdatamodeld */ = {
			isa = XCVersionGroup;
			children = (
				B503E7E128D9F2D1002F598E /* NetflixCloneModel.xcdatamodel */,
			);
			currentVersion = B503E7E128D9F2D1002F598E /* NetflixCloneModel.xcdatamodel */;
			path = NetflixCloneModel.xcdatamodeld;
			sourceTree = "<group>";
			versionGroupType = wrapper.xcdatamodel;
		};
/* End XCVersionGroup section */
	};
	rootObject = B503E79028D648C7002F598E /* Project object */;
}
